
Microsoft Visual Studio Solution File, Format Version 12.00
# Visual Studio Version 17
VisualStudioVersion = 17.13.35919.96
MinimumVisualStudioVersion = 10.0.40219.1
Project("{FAE04EC0-301F-11D3-BF4B-00C04F79EFBC}") = "weblamchoi", "weblamchoi\weblamchoi.csproj", "{47F9E2BA-515C-44CA-89B1-EF269372834D}"
EndProject
Global
	GlobalSection(SolutionConfigurationPlatforms) = preSolution
		Debug|Any CPU = Debug|Any CPU
		Release|Any CPU = Release|Any CPU
	EndGlobalSection
	GlobalSection(ProjectConfigurationPlatforms) = postSolution
		{47F9E2BA-515C-44CA-89B1-EF269372834D}.Debug|Any CPU.ActiveCfg = Debug|Any CPU
		{47F9E2BA-515C-44CA-89B1-EF269372834D}.Debug|Any CPU.Build.0 = Debug|Any CPU
		{47F9E2BA-515C-44CA-89B1-EF269372834D}.Release|Any CPU.ActiveCfg = Release|Any CPU
		{47F9E2BA-515C-44CA-89B1-EF269372834D}.Release|Any CPU.Build.0 = Release|Any CPU
	EndGlobalSection
	GlobalSection(SolutionProperties) = preSolution
		HideSolutionNode = FALSE
	EndGlobalSection
	GlobalSection(ExtensibilityGlobals) = postSolution
		SolutionGuid = {D374C481-1B97-4AFB-AD02-0D600ED18877}
	EndGlobalSection
EndGlobal
